
Microsoft Visual Studio Solution File, Format Version 12.00
# Visual Studio Version 17
VisualStudioVersion = 17.6.33829.357
MinimumVisualStudioVersion = 10.0.40219.1
Project("{FAE04EC0-301F-11D3-BF4B-00C04F79EFBC}") = "Lamda expressions", "Lamda expressions.csproj", "{3BAB0233-5F48-4315-929C-DA253137BAAF}"
EndProject
Global
	GlobalSection(SolutionConfigurationPlatforms) = preSolution
		Debug|Any CPU = Debug|Any CPU
		Release|Any CPU = Release|Any CPU
	EndGlobalSection
	GlobalSection(ProjectConfigurationPlatforms) = postSolution
		{3BAB0233-5F48-4315-929C-DA253137BAAF}.Debug|Any CPU.ActiveCfg = Debug|Any CPU
		{3BAB0233-5F48-4315-929C-DA253137BAAF}.Debug|Any CPU.Build.0 = Debug|Any CPU
		{3BAB0233-5F48-4315-929C-DA253137BAAF}.Release|Any CPU.ActiveCfg = Release|Any CPU
		{3BAB0233-5F48-4315-929C-DA253137BAAF}.Release|Any CPU.Build.0 = Release|Any CPU
	EndGlobalSection
	GlobalSection(SolutionProperties) = preSolution
		HideSolutionNode = FALSE
	EndGlobalSection
	GlobalSection(ExtensibilityGlobals) = postSolution
		SolutionGuid = {56CD503C-895E-4C01-97A8-29DF3F3EC97E}
	EndGlobalSection
EndGlobal
