
Microsoft Visual Studio Solution File, Format Version 12.00
# Visual Studio Version 17
VisualStudioVersion = 17.6.33829.357
MinimumVisualStudioVersion = 10.0.40219.1
Project("{FAE04EC0-301F-11D3-BF4B-00C04F79EFBC}") = "Example in lecture", "Example in lecture.csproj", "{B69B98A4-4844-445B-BA84-70C6CE0D8FD0}"
EndProject
Global
	GlobalSection(SolutionConfigurationPlatforms) = preSolution
		Debug|Any CPU = Debug|Any CPU
		Release|Any CPU = Release|Any CPU
	EndGlobalSection
	GlobalSection(ProjectConfigurationPlatforms) = postSolution
		{B69B98A4-4844-445B-BA84-70C6CE0D8FD0}.Debug|Any CPU.ActiveCfg = Debug|Any CPU
		{B69B98A4-4844-445B-BA84-70C6CE0D8FD0}.Debug|Any CPU.Build.0 = Debug|Any CPU
		{B69B98A4-4844-445B-BA84-70C6CE0D8FD0}.Release|Any CPU.ActiveCfg = Release|Any CPU
		{B69B98A4-4844-445B-BA84-70C6CE0D8FD0}.Release|Any CPU.Build.0 = Release|Any CPU
	EndGlobalSection
	GlobalSection(SolutionProperties) = preSolution
		HideSolutionNode = FALSE
	EndGlobalSection
	GlobalSection(ExtensibilityGlobals) = postSolution
		SolutionGuid = {CA600343-A7BC-48D5-9ACC-9D7E6C361C17}
	EndGlobalSection
EndGlobal
