
Microsoft Visual Studio Solution File, Format Version 12.00
# Visual Studio Version 17
VisualStudioVersion = 17.6.33829.357
MinimumVisualStudioVersion = 10.0.40219.1
Project("{FAE04EC0-301F-11D3-BF4B-00C04F79EFBC}") = "New Class student in list", "New Class student in list.csproj", "{BF8C3180-FBE5-41A5-A288-DAEAE0A7F328}"
EndProject
Global
	GlobalSection(SolutionConfigurationPlatforms) = preSolution
		Debug|Any CPU = Debug|Any CPU
		Release|Any CPU = Release|Any CPU
	EndGlobalSection
	GlobalSection(ProjectConfigurationPlatforms) = postSolution
		{BF8C3180-FBE5-41A5-A288-DAEAE0A7F328}.Debug|Any CPU.ActiveCfg = Debug|Any CPU
		{BF8C3180-FBE5-41A5-A288-DAEAE0A7F328}.Debug|Any CPU.Build.0 = Debug|Any CPU
		{BF8C3180-FBE5-41A5-A288-DAEAE0A7F328}.Release|Any CPU.ActiveCfg = Release|Any CPU
		{BF8C3180-FBE5-41A5-A288-DAEAE0A7F328}.Release|Any CPU.Build.0 = Release|Any CPU
	EndGlobalSection
	GlobalSection(SolutionProperties) = preSolution
		HideSolutionNode = FALSE
	EndGlobalSection
	GlobalSection(ExtensibilityGlobals) = postSolution
		SolutionGuid = {8610FEE6-1CF8-4843-B75E-1C956D4C258E}
	EndGlobalSection
EndGlobal
